// !$*UTF8*$!
{
	archiveVersion = 1;
	classes = {
	};
	objectVersion = 46;
	objects = {

/* Begin PBXAggregateTarget section */
		D2277A0007417BF9002AF184 /* Build All */ = {
			isa = PBXAggregateTarget;
			buildConfigurationList = 973C87FE0897FD9100B1007D /* Build configuration list for PBXAggregateTarget "Build All" */;
			buildPhases = (
			);
			dependencies = (
				D2277A8607417BFA002AF184 /* PBXTargetDependency */,
				D2277A8807417BFA002AF184 /* PBXTargetDependency */,
				D2277A8A07417BFA002AF184 /* PBXTargetDependency */,
			);
			name = "Build All";
			productName = "Build All";
		};
/* End PBXAggregateTarget section */

/* Begin PBXBuildFile section */
		525596AF1613CD080050D01B /* MsgTrace.c in Sources */ = {isa = PBXBuildFile; fileRef = 525596AE1613CD080050D01B /* MsgTrace.c */; };
		525596B01613CD080050D01B /* MsgTrace.c in Sources */ = {isa = PBXBuildFile; fileRef = 525596AE1613CD080050D01B /* MsgTrace.c */; };
		525596B11613CD080050D01B /* MsgTrace.c in Sources */ = {isa = PBXBuildFile; fileRef = 525596AE1613CD080050D01B /* MsgTrace.c */; };
		58629BD10DE634FC00412471 /* WWANSchemaDefinitions.h in Headers */ = {isa = PBXBuildFile; fileRef = 58629BD00DE634FC00412471 /* WWANSchemaDefinitions.h */; };
		D2277A0D07417BF9002AF184 /* PIUSBGPS.h in Headers */ = {isa = PBXBuildFile; fileRef = D280586B05DD92C40074F1E7 /* PIUSBGPS.h */; };
		D2277A0E07417BF9002AF184 /* PIUSBGPSCommon.h in Headers */ = {isa = PBXBuildFile; fileRef = D20F00F105DD9E7A00AA2BC5 /* PIUSBGPSCommon.h */; };
		D2277A0F07417BF9002AF184 /* PIUSBGPSPrivate.h in Headers */ = {isa = PBXBuildFile; fileRef = D29459980618E83F00449123 /* PIUSBGPSPrivate.h */; };
		D2277A1107417BF9002AF184 /* PIUSBGPS.cpp in Sources */ = {isa = PBXBuildFile; fileRef = D280586D05DD92D80074F1E7 /* PIUSBGPS.cpp */; };
		D2277A1B07417BF9002AF184 /* PIUSBGPSCommon.h in Headers */ = {isa = PBXBuildFile; fileRef = D20F00F105DD9E7A00AA2BC5 /* PIUSBGPSCommon.h */; };
		D2277A1C07417BF9002AF184 /* PIUSBGPSACM.h in Headers */ = {isa = PBXBuildFile; fileRef = D223633C05EC2B9F00C17DDB /* PIUSBGPSACM.h */; };
		D2277A1D07417BF9002AF184 /* PIUSBGPSACMControl.h in Headers */ = {isa = PBXBuildFile; fileRef = D223633F05EC2BD600C17DDB /* PIUSBGPSACMControl.h */; };
		D2277A2007417BF9002AF184 /* PIUSBGPSACMControl.cpp in Sources */ = {isa = PBXBuildFile; fileRef = D223634305EC333900C17DDB /* PIUSBGPSACMControl.cpp */; };
		D2277A2A07417BF9002AF184 /* PIUSBGPSCommon.h in Headers */ = {isa = PBXBuildFile; fileRef = D20F00F105DD9E7A00AA2BC5 /* PIUSBGPSCommon.h */; };
		D2277A2B07417BF9002AF184 /* PIUSBGPSACM.h in Headers */ = {isa = PBXBuildFile; fileRef = D223633C05EC2B9F00C17DDB /* PIUSBGPSACM.h */; };
		D2277A2C07417BF9002AF184 /* PIUSBGPSACMData.h in Headers */ = {isa = PBXBuildFile; fileRef = D223634105EC2C0F00C17DDB /* PIUSBGPSACMData.h */; };
		D2277A2E07417BF9002AF184 /* PIUSBGPSACMData.cpp in Sources */ = {isa = PBXBuildFile; fileRef = D223634505EC336D00C17DDB /* PIUSBGPSACMData.cpp */; };
		D2277A3007417BF9002AF184 /* Localizable.strings in Resources */ = {isa = PBXBuildFile; fileRef = D24E98F00680E7BD005360D4 /* Localizable.strings */; };
		D29B84B10916BE3C003A7DBC /* PIUSBGPSACMDataUser.h in Headers */ = {isa = PBXBuildFile; fileRef = D29B84B00916BE3C003A7DBC /* PIUSBGPSACMDataUser.h */; };
/* End PBXBuildFile section */

/* Begin PBXContainerItemProxy section */
		D2277A8507417BFA002AF184 /* PBXContainerItemProxy */ = {
			isa = PBXContainerItemProxy;
			containerPortal = 089C1669FE841209C02AAC07 /* Project object */;
			proxyType = 1;
			remoteGlobalIDString = D2277A0A07417BF9002AF184;
			remoteInfo = "PIUSBGPS (Upgraded)";
		};
		D2277A8707417BFA002AF184 /* PBXContainerItemProxy */ = {
			isa = PBXContainerItemProxy;
			containerPortal = 089C1669FE841209C02AAC07 /* Project object */;
			proxyType = 1;
			remoteGlobalIDString = D2277A1807417BF9002AF184;
			remoteInfo = "PIUSBGPSACMControl (Upgraded)";
		};
		D2277A8907417BFA002AF184 /* PBXContainerItemProxy */ = {
			isa = PBXContainerItemProxy;
			containerPortal = 089C1669FE841209C02AAC07 /* Project object */;
			proxyType = 1;
			remoteGlobalIDString = D2277A2707417BF9002AF184;
			remoteInfo = "PIUSBGPSACMData (Upgraded)";
		};
/* End PBXContainerItemProxy section */

/* Begin PBXFileReference section */
		525596AE1613CD080050D01B /* MsgTrace.c */ = {isa = PBXFileReference; fileEncoding = 4; lastKnownFileType = sourcecode.c.c; name = MsgTrace.c; path = Common/MsgTrace.c; sourceTree = "<group>"; };
		58629BD00DE634FC00412471 /* WWANSchemaDefinitions.h */ = {isa = PBXFileReference; fileEncoding = 4; lastKnownFileType = sourcecode.c.h; name = WWANSchemaDefinitions.h; path = PIUSBGPS/Headers/WWANSchemaDefinitions.h; sourceTree = "<group>"; };
		D20F00F105DD9E7A00AA2BC5 /* PIUSBGPSCommon.h */ = {isa = PBXFileReference; fileEncoding = 30; lastKnownFileType = sourcecode.c.h; lineEnding = 0; name = PIUSBGPSCommon.h; path = Common/PIUSBGPSCommon.h; sourceTree = "<group>"; xcLanguageSpecificationIdentifier = xcode.lang.objcpp; };
		D223633C05EC2B9F00C17DDB /* PIUSBGPSACM.h */ = {isa = PBXFileReference; fileEncoding = 30; lastKnownFileType = sourcecode.c.h; name = PIUSBGPSACM.h; path = PIUSBGPSACM/Common/PIUSBGPSACM.h; sourceTree = "<group>"; };
		D223633F05EC2BD600C17DDB /* PIUSBGPSACMControl.h */ = {isa = PBXFileReference; fileEncoding = 30; lastKnownFileType = sourcecode.c.h; name = PIUSBGPSACMControl.h; path = PIUSBGPSACM/ControlDriver/Headers/PIUSBGPSACMControl.h; sourceTree = "<group>"; };
		D223634105EC2C0F00C17DDB /* PIUSBGPSACMData.h */ = {isa = PBXFileReference; fileEncoding = 30; lastKnownFileType = sourcecode.c.h; name = PIUSBGPSACMData.h; path = PIUSBGPSACM/DataDriver/Headers/PIUSBGPSACMData.h; sourceTree = "<group>"; };
		D223634305EC333900C17DDB /* PIUSBGPSACMControl.cpp */ = {isa = PBXFileReference; fileEncoding = 30; lastKnownFileType = sourcecode.cpp.cpp; name = PIUSBGPSACMControl.cpp; path = PIUSBGPSACM/ControlDriver/Classes/PIUSBGPSACMControl.cpp; sourceTree = "<group>"; };
		D223634505EC336D00C17DDB /* PIUSBGPSACMData.cpp */ = {isa = PBXFileReference; fileEncoding = 30; lastKnownFileType = sourcecode.cpp.cpp; name = PIUSBGPSACMData.cpp; path = PIUSBGPSACM/DataDriver/Classes/PIUSBGPSACMData.cpp; sourceTree = "<group>"; };
		D2277A1607417BF9002AF184 /* PIUSBGPS-Info.plist */ = {isa = PBXFileReference; lastKnownFileType = text.plist.xml; name = "PIUSBGPS-Info.plist"; path = "Plists/PIUSBGPS-Info.plist"; sourceTree = "<group>"; };
		D2277A1707417BF9002AF184 /* PIUSBGPS.kext */ = {isa = PBXFileReference; explicitFileType = wrapper.cfbundle; includeInIndex = 0; path = PIUSBGPS.kext; sourceTree = BUILT_PRODUCTS_DIR; };
		D2277A2507417BF9002AF184 /* PIUSBGPSACMControl-Info.plist */ = {isa = PBXFileReference; lastKnownFileType = text.plist.xml; name = "PIUSBGPSACMControl-Info.plist"; path = "Plists/PIUSBGPSACMControl-Info.plist"; sourceTree = "<group>"; };
		D2277A2607417BF9002AF184 /* PIUSBGPSACMControl.kext */ = {isa = PBXFileReference; explicitFileType = wrapper.cfbundle; includeInIndex = 0; path = PIUSBGPSACMControl.kext; sourceTree = BUILT_PRODUCTS_DIR; };
		D2277A3407417BF9002AF184 /* PIUSBGPSACMData-Info.plist */ = {isa = PBXFileReference; lastKnownFileType = text.plist.xml; name = "PIUSBGPSACMData-Info.plist"; path = "Plists/PIUSBGPSACMData-Info.plist"; sourceTree = "<group>"; };
		D2277A3507417BF9002AF184 /* PIUSBGPSACMData.kext */ = {isa = PBXFileReference; explicitFileType = wrapper.cfbundle; includeInIndex = 0; path = PIUSBGPSACMData.kext; sourceTree = BUILT_PRODUCTS_DIR; };
		D24E98F10680E7BD005360D4 /* English */ = {isa = PBXFileReference; fileEncoding = 10; lastKnownFileType = text.plist.strings; name = English; path = English.lproj/Localizable.strings; sourceTree = "<group>"; };
		D280586B05DD92C40074F1E7 /* PIUSBGPS.h */ = {isa = PBXFileReference; fileEncoding = 30; lastKnownFileType = sourcecode.c.h; name = PIUSBGPS.h; path = PIUSBGPS/Headers/PIUSBGPS.h; sourceTree = "<group>"; };
		D280586D05DD92D80074F1E7 /* PIUSBGPS.cpp */ = {isa = PBXFileReference; fileEncoding = 30; lastKnownFileType = sourcecode.cpp.cpp; name = PIUSBGPS.cpp; path = PIUSBGPS/Classes/PIUSBGPS.cpp; sourceTree = "<group>"; };
		D29459980618E83F00449123 /* PIUSBGPSPrivate.h */ = {isa = PBXFileReference; fileEncoding = 30; lastKnownFileType = sourcecode.c.h; name = PIUSBGPSPrivate.h; path = PIUSBGPS/Headers/PIUSBGPSPrivate.h; sourceTree = "<group>"; };
		D29B84B00916BE3C003A7DBC /* PIUSBGPSACMDataUser.h */ = {isa = PBXFileReference; fileEncoding = 30; lastKnownFileType = sourcecode.c.h; name = PIUSBGPSACMDataUser.h; path = PIUSBGPSACM/DataDriver/Headers/PIUSBGPSACMDataUser.h; sourceTree = "<group>"; };
		F59C308D02C2AF4001000102 /* Kernel.framework */ = {isa = PBXFileReference; lastKnownFileType = wrapper.framework; name = Kernel.framework; path = /System/Library/Frameworks/Kernel.framework; sourceTree = "<absolute>"; };
/* End PBXFileReference section */

/* Begin PBXFrameworksBuildPhase section */
		D2277A1307417BF9002AF184 /* Frameworks */ = {
			isa = PBXFrameworksBuildPhase;
			buildActionMask = 2147483647;
			files = (
			);
			runOnlyForDeploymentPostprocessing = 0;
		};
		D2277A2107417BF9002AF184 /* Frameworks */ = {
			isa = PBXFrameworksBuildPhase;
			buildActionMask = 2147483647;
			files = (
			);
			runOnlyForDeploymentPostprocessing = 0;
		};
		D2277A3107417BF9002AF184 /* Frameworks */ = {
			isa = PBXFrameworksBuildPhase;
			buildActionMask = 2147483647;
			files = (
			);
			runOnlyForDeploymentPostprocessing = 0;
		};
/* End PBXFrameworksBuildPhase section */

/* Begin PBXGroup section */
		089C166AFE841209C02AAC07 /* PIUSBGPSEthernet */ = {
			isa = PBXGroup;
			children = (
				D25CDCA105ACD2540030EA44 /* Common Headers */,
				D2036B4E05E1948D0046B49D /* PIUSBGPS */,
				D2036B5405E194EC0046B49D /* PIUSBGPSACM */,
				089C167CFE841241C02AAC07 /* Resources */,
				19C28FB6FE9D52B211CA2CBB /* Products */,
				F59C308D02C2AF4001000102 /* Kernel.framework */,
				D2277A1607417BF9002AF184 /* PIUSBGPS-Info.plist */,
				D2277A2507417BF9002AF184 /* PIUSBGPSACMControl-Info.plist */,
				D2277A3407417BF9002AF184 /* PIUSBGPSACMData-Info.plist */,
			);
			name = PIUSBGPSEthernet;
			sourceTree = "<group>";
		};
		089C167CFE841241C02AAC07 /* Resources */ = {
			isa = PBXGroup;
			children = (
				D24E98F00680E7BD005360D4 /* Localizable.strings */,
			);
			name = Resources;
			sourceTree = "<group>";
		};
		19C28FB6FE9D52B211CA2CBB /* Products */ = {
			isa = PBXGroup;
			children = (
				D2277A1707417BF9002AF184 /* PIUSBGPS.kext */,
				D2277A2607417BF9002AF184 /* PIUSBGPSACMControl.kext */,
				D2277A3507417BF9002AF184 /* PIUSBGPSACMData.kext */,
			);
			name = Products;
			sourceTree = "<group>";
		};
		D2036B4E05E1948D0046B49D /* PIUSBGPS */ = {
			isa = PBXGroup;
			children = (
				D2036B4F05E194A00046B49D /* Headers */,
				D2036B5005E194BE0046B49D /* Classes */,
			);
			name = PIUSBGPS;
			sourceTree = "<group>";
		};
		D2036B4F05E194A00046B49D /* Headers */ = {
			isa = PBXGroup;
			children = (
				D280586B05DD92C40074F1E7 /* PIUSBGPS.h */,
				D29459980618E83F00449123 /* PIUSBGPSPrivate.h */,
				58629BD00DE634FC00412471 /* WWANSchemaDefinitions.h */,
			);
			name = Headers;
			sourceTree = "<group>";
		};
		D2036B5005E194BE0046B49D /* Classes */ = {
			isa = PBXGroup;
			children = (
				D280586D05DD92D80074F1E7 /* PIUSBGPS.cpp */,
			);
			name = Classes;
			sourceTree = "<group>";
		};
		D2036B5405E194EC0046B49D /* PIUSBGPSACM */ = {
			isa = PBXGroup;
			children = (
				D2036B5505E1951D0046B49D /* Headers */,
				D2036B5605E1952F0046B49D /* Classes */,
			);
			name = PIUSBGPSACM;
			sourceTree = "<group>";
		};
		D2036B5505E1951D0046B49D /* Headers */ = {
			isa = PBXGroup;
			children = (
				D223633C05EC2B9F00C17DDB /* PIUSBGPSACM.h */,
				D223633F05EC2BD600C17DDB /* PIUSBGPSACMControl.h */,
				D223634105EC2C0F00C17DDB /* PIUSBGPSACMData.h */,
				D29B84B00916BE3C003A7DBC /* PIUSBGPSACMDataUser.h */,
			);
			name = Headers;
			sourceTree = "<group>";
		};
		D2036B5605E1952F0046B49D /* Classes */ = {
			isa = PBXGroup;
			children = (
				D223634305EC333900C17DDB /* PIUSBGPSACMControl.cpp */,
				D223634505EC336D00C17DDB /* PIUSBGPSACMData.cpp */,
			);
			name = Classes;
			sourceTree = "<group>";
		};
		D25CDCA105ACD2540030EA44 /* Common Headers */ = {
			isa = PBXGroup;
			children = (
				525596AE1613CD080050D01B /* MsgTrace.c */,
				D20F00F105DD9E7A00AA2BC5 /* PIUSBGPSCommon.h */,
			);
			name = "Common Headers";
			sourceTree = "<group>";
		};
/* End PBXGroup section */

/* Begin PBXHeadersBuildPhase section */
		D2277A0C07417BF9002AF184 /* Headers */ = {
			isa = PBXHeadersBuildPhase;
			buildActionMask = 2147483647;
			files = (
				D2277A0D07417BF9002AF184 /* PIUSBGPS.h in Headers */,
				D2277A0E07417BF9002AF184 /* PIUSBGPSCommon.h in Headers */,
				D2277A0F07417BF9002AF184 /* PIUSBGPSPrivate.h in Headers */,
				58629BD10DE634FC00412471 /* WWANSchemaDefinitions.h in Headers */,
			);
			runOnlyForDeploymentPostprocessing = 0;
		};
		D2277A1A07417BF9002AF184 /* Headers */ = {
			isa = PBXHeadersBuildPhase;
			buildActionMask = 2147483647;
			files = (
				D2277A1B07417BF9002AF184 /* PIUSBGPSCommon.h in Headers */,
				D2277A1C07417BF9002AF184 /* PIUSBGPSACM.h in Headers */,
				D2277A1D07417BF9002AF184 /* PIUSBGPSACMControl.h in Headers */,
			);
			runOnlyForDeploymentPostprocessing = 0;
		};
		D2277A2907417BF9002AF184 /* Headers */ = {
			isa = PBXHeadersBuildPhase;
			buildActionMask = 2147483647;
			files = (
				D2277A2A07417BF9002AF184 /* PIUSBGPSCommon.h in Headers */,
				D2277A2B07417BF9002AF184 /* PIUSBGPSACM.h in Headers */,
				D2277A2C07417BF9002AF184 /* PIUSBGPSACMData.h in Headers */,
				D29B84B10916BE3C003A7DBC /* PIUSBGPSACMDataUser.h in Headers */,
			);
			runOnlyForDeploymentPostprocessing = 0;
		};
/* End PBXHeadersBuildPhase section */

/* Begin PBXNativeTarget section */
		D2277A0A07417BF9002AF184 /* PIUSBGPS */ = {
			isa = PBXNativeTarget;
			buildConfigurationList = 973C87DE0897FD9100B1007D /* Build configuration list for PBXNativeTarget "PIUSBGPS" */;
			buildPhases = (
				D2277A0B07417BF9002AF184 /* ShellScript */,
				D2277A0C07417BF9002AF184 /* Headers */,
				D2277A1007417BF9002AF184 /* Sources */,
				D2277A1207417BF9002AF184 /* Resources */,
				D2277A1307417BF9002AF184 /* Frameworks */,
				D2277A1407417BF9002AF184 /* ShellScript */,
			);
			buildRules = (
			);
			dependencies = (
			);
			name = PIUSBGPS;
			productInstallPath = "$(SYSTEM_LIBRARY_DIR)/Extensions/IOUSBFamily.kext/Contents/PlugIns";
			productName = PIUSBGPS;
			productReference = D2277A1707417BF9002AF184 /* PIUSBGPS.kext */;
			productType = "com.apple.product-type.kernel-extension.iokit";
		};
		D2277A1807417BF9002AF184 /* PIUSBGPSACMControl */ = {
			isa = PBXNativeTarget;
			buildConfigurationList = 973C87E20897FD9100B1007D /* Build configuration list for PBXNativeTarget "PIUSBGPSACMControl" */;
			buildPhases = (
				D2277A1907417BF9002AF184 /* ShellScript */,
				D2277A1A07417BF9002AF184 /* Headers */,
				D2277A1E07417BF9002AF184 /* Resources */,
				D2277A1F07417BF9002AF184 /* Sources */,
				D2277A2107417BF9002AF184 /* Frameworks */,
				D2277A2207417BF9002AF184 /* Rez */,
				D2277A2307417BF9002AF184 /* ShellScript */,
			);
			buildRules = (
			);
			dependencies = (
			);
			name = PIUSBGPSACMControl;
			productInstallPath = "$(SYSTEM_LIBRARY_DIR)/Extensions/IOUSBFamily.kext/Contents/PlugIns";
			productName = PIUSBGPSEthernet;
			productReference = D2277A2607417BF9002AF184 /* PIUSBGPSACMControl.kext */;
			productType = "com.apple.product-type.kernel-extension.iokit";
		};
		D2277A2707417BF9002AF184 /* PIUSBGPSACMData */ = {
			isa = PBXNativeTarget;
			buildConfigurationList = 973C87E60897FD9100B1007D /* Build configuration list for PBXNativeTarget "PIUSBGPSACMData" */;
			buildPhases = (
				D2277A2807417BF9002AF184 /* ShellScript */,
				D2277A2907417BF9002AF184 /* Headers */,
				D2277A2D07417BF9002AF184 /* Sources */,
				D2277A2F07417BF9002AF184 /* Resources */,
				D2277A3107417BF9002AF184 /* Frameworks */,
				D2277A3207417BF9002AF184 /* ShellScript */,
			);
			buildRules = (
			);
			dependencies = (
			);
			name = PIUSBGPSACMData;
			productInstallPath = "$(SYSTEM_LIBRARY_DIR)/Extensions/IOUSBFamily.kext/Contents/PlugIns";
			productName = USBCDCACMData;
			productReference = D2277A3507417BF9002AF184 /* PIUSBGPSACMData.kext */;
			productType = "com.apple.product-type.kernel-extension.iokit";
		};
/* End PBXNativeTarget section */

/* Begin PBXProject section */
		089C1669FE841209C02AAC07 /* Project object */ = {
			isa = PBXProject;
			attributes = {
				LastUpgradeCheck = 0610;
			};
			buildConfigurationList = 973C88020897FD9100B1007D /* Build configuration list for PBXProject "PIUSBGPS" */;
			compatibilityVersion = "Xcode 3.2";
			developmentRegion = English;
			hasScannedForEncodings = 1;
			knownRegions = (
				English,
				Japanese,
				French,
				German,
			);
			mainGroup = 089C166AFE841209C02AAC07 /* PIUSBGPSEthernet */;
			projectDirPath = "";
			projectRoot = "";
			targets = (
				D2277A0007417BF9002AF184 /* Build All */,
				D2277A0A07417BF9002AF184 /* PIUSBGPS */,
				D2277A1807417BF9002AF184 /* PIUSBGPSACMControl */,
				D2277A2707417BF9002AF184 /* PIUSBGPSACMData */,
			);
		};
/* End PBXProject section */

/* Begin PBXResourcesBuildPhase section */
		D2277A1207417BF9002AF184 /* Resources */ = {
			isa = PBXResourcesBuildPhase;
			buildActionMask = 2147483647;
			files = (
			);
			runOnlyForDeploymentPostprocessing = 0;
		};
		D2277A1E07417BF9002AF184 /* Resources */ = {
			isa = PBXResourcesBuildPhase;
			buildActionMask = 2147483647;
			files = (
			);
			runOnlyForDeploymentPostprocessing = 0;
		};
		D2277A2F07417BF9002AF184 /* Resources */ = {
			isa = PBXResourcesBuildPhase;
			buildActionMask = 2147483647;
			files = (
				D2277A3007417BF9002AF184 /* Localizable.strings in Resources */,
			);
			runOnlyForDeploymentPostprocessing = 0;
		};
/* End PBXResourcesBuildPhase section */

/* Begin PBXRezBuildPhase section */
		D2277A2207417BF9002AF184 /* Rez */ = {
			isa = PBXRezBuildPhase;
			buildActionMask = 2147483647;
			files = (
			);
			runOnlyForDeploymentPostprocessing = 0;
		};
/* End PBXRezBuildPhase section */

/* Begin PBXShellScriptBuildPhase section */
		D2277A0B07417BF9002AF184 /* ShellScript */ = {
			isa = PBXShellScriptBuildPhase;
			buildActionMask = 2147483647;
			files = (
			);
			runOnlyForDeploymentPostprocessing = 0;
			shellPath = /bin/sh;
			shellScript = "script=\"${SYSTEM_DEVELOPER_DIR}/ProjectBuilder Extras/Kernel Extension Support/KEXTPreprocess\";\nif [ -x \"$script\" ]; then\n    . \"$script\"\nfi";
		};
		D2277A1407417BF9002AF184 /* ShellScript */ = {
			isa = PBXShellScriptBuildPhase;
			buildActionMask = 2147483647;
			files = (
			);
			runOnlyForDeploymentPostprocessing = 0;
			shellPath = /bin/sh;
			shellScript = "script=\"${SYSTEM_DEVELOPER_DIR}/ProjectBuilder Extras/Kernel Extension Support/KEXTPostprocess\";\nif [ -x \"$script\" ]; then\n    . \"$script\"\nfi";
		};
		D2277A1907417BF9002AF184 /* ShellScript */ = {
			isa = PBXShellScriptBuildPhase;
			buildActionMask = 2147483647;
			files = (
			);
			runOnlyForDeploymentPostprocessing = 0;
			shellPath = /bin/sh;
			shellScript = "script=\"${SYSTEM_DEVELOPER_DIR}/ProjectBuilder Extras/Kernel Extension Support/KEXTPreprocess\";\nif [ -x \"$script\" ]; then\n    . \"$script\"\nfi";
		};
		D2277A2307417BF9002AF184 /* ShellScript */ = {
			isa = PBXShellScriptBuildPhase;
			buildActionMask = 2147483647;
			files = (
			);
			runOnlyForDeploymentPostprocessing = 0;
			shellPath = /bin/sh;
			shellScript = "script=\"${SYSTEM_DEVELOPER_DIR}/ProjectBuilder Extras/Kernel Extension Support/KEXTPostprocess\";\nif [ -x \"$script\" ]; then\n    . \"$script\"\nfi";
		};
		D2277A2807417BF9002AF184 /* ShellScript */ = {
			isa = PBXShellScriptBuildPhase;
			buildActionMask = 2147483647;
			files = (
			);
			runOnlyForDeploymentPostprocessing = 0;
			shellPath = /bin/sh;
			shellScript = "script=\"${SYSTEM_DEVELOPER_DIR}/ProjectBuilder Extras/Kernel Extension Support/KEXTPreprocess\";\nif [ -x \"$script\" ]; then\n    . \"$script\"\nfi";
		};
		D2277A3207417BF9002AF184 /* ShellScript */ = {
			isa = PBXShellScriptBuildPhase;
			buildActionMask = 2147483647;
			files = (
			);
			runOnlyForDeploymentPostprocessing = 0;
			shellPath = /bin/sh;
			shellScript = "script=\"${SYSTEM_DEVELOPER_DIR}/ProjectBuilder Extras/Kernel Extension Support/KEXTPostprocess\";\nif [ -x \"$script\" ]; then\n    . \"$script\"\nfi";
		};
/* End PBXShellScriptBuildPhase section */

/* Begin PBXSourcesBuildPhase section */
		D2277A1007417BF9002AF184 /* Sources */ = {
			isa = PBXSourcesBuildPhase;
			buildActionMask = 2147483647;
			files = (
				D2277A1107417BF9002AF184 /* PIUSBGPS.cpp in Sources */,
				525596AF1613CD080050D01B /* MsgTrace.c in Sources */,
			);
			runOnlyForDeploymentPostprocessing = 0;
		};
		D2277A1F07417BF9002AF184 /* Sources */ = {
			isa = PBXSourcesBuildPhase;
			buildActionMask = 2147483647;
			files = (
				D2277A2007417BF9002AF184 /* PIUSBGPSACMControl.cpp in Sources */,
				525596B01613CD080050D01B /* MsgTrace.c in Sources */,
			);
			runOnlyForDeploymentPostprocessing = 0;
		};
		D2277A2D07417BF9002AF184 /* Sources */ = {
			isa = PBXSourcesBuildPhase;
			buildActionMask = 2147483647;
			files = (
				D2277A2E07417BF9002AF184 /* PIUSBGPSACMData.cpp in Sources */,
				525596B11613CD080050D01B /* MsgTrace.c in Sources */,
			);
			runOnlyForDeploymentPostprocessing = 0;
		};
/* End PBXSourcesBuildPhase section */

/* Begin PBXTargetDependency section */
		D2277A8607417BFA002AF184 /* PBXTargetDependency */ = {
			isa = PBXTargetDependency;
			target = D2277A0A07417BF9002AF184 /* PIUSBGPS */;
			targetProxy = D2277A8507417BFA002AF184 /* PBXContainerItemProxy */;
		};
		D2277A8807417BFA002AF184 /* PBXTargetDependency */ = {
			isa = PBXTargetDependency;
			target = D2277A1807417BF9002AF184 /* PIUSBGPSACMControl */;
			targetProxy = D2277A8707417BFA002AF184 /* PBXContainerItemProxy */;
		};
		D2277A8A07417BFA002AF184 /* PBXTargetDependency */ = {
			isa = PBXTargetDependency;
			target = D2277A2707417BF9002AF184 /* PIUSBGPSACMData */;
			targetProxy = D2277A8907417BFA002AF184 /* PBXContainerItemProxy */;
		};
/* End PBXTargetDependency section */

/* Begin PBXVariantGroup section */
		D24E98F00680E7BD005360D4 /* Localizable.strings */ = {
			isa = PBXVariantGroup;
			children = (
				D24E98F10680E7BD005360D4 /* English */,
			);
			name = Localizable.strings;
			sourceTree = "<group>";
		};
/* End PBXVariantGroup section */

/* Begin XCBuildConfiguration section */
		842DF45916A60E9C005BD008 /* Development-Embedded */ = {
			isa = XCBuildConfiguration;
			buildSettings = {
				CODE_SIGN_IDENTITY = "Developer ID Application";
				MACOSX_DEPLOYMENT_TARGET = 10.9;
				SDKROOT = "";
			};
			name = "Development-Embedded";
		};
		842DF45A16A60E9C005BD008 /* Development-Embedded */ = {
			isa = XCBuildConfiguration;
			buildSettings = {
				CODE_SIGN_IDENTITY = Dummy;
				COPY_PHASE_STRIP = NO;
				GCC_DYNAMIC_NO_PIC = NO;
				GCC_GENERATE_DEBUGGING_SYMBOLS = YES;
				GCC_OPTIMIZATION_LEVEL = 0;
				MACOSX_DEPLOYMENT_TARGET = 10.4;
				OTHER_CFLAGS = "";
				OTHER_LDFLAGS = "";
				OTHER_REZFLAGS = "";
				PRODUCT_NAME = "Build All";
				SDKROOT = macosx;
				SECTORDER_FLAGS = "";
				WARNING_CFLAGS = "";
				ZERO_LINK = YES;
			};
			name = "Development-Embedded";
		};
		842DF45B16A60E9C005BD008 /* Development-Embedded */ = {
			isa = XCBuildConfiguration;
			buildSettings = {
				COPY_PHASE_STRIP = NO;
				DEBUG_INFORMATION_FORMAT = "dwarf-with-dsym";
				GCC_DYNAMIC_NO_PIC = NO;
				GCC_GENERATE_DEBUGGING_SYMBOLS = YES;
				GCC_OPTIMIZATION_LEVEL = 0;
				INFOPLIST_FILE = "Plists/PIUSBGPS-Info.plist";
				INSTALL_GROUP = wheel;
				INSTALL_MODE = "a-w,u+w, a+rX";
				INSTALL_OWNER = root;
				INSTALL_PATH = "$(SYSTEM_LIBRARY_DIR)/Extensions/IOUSBFamily.kext/Contents/PlugIns";
				"INSTALL_PATH[sdk=iphoneos*]" = "$(SYSTEM_LIBRARY_DIR)/Extensions/IOUSBFamily.kext/PlugIns";
				KERNEL_EXTENSION = YES;
				KERNEL_MODULE = YES;
				MODULE_IOKIT = YES;
				MODULE_NAME = com.pi.driver.PIUSBGPS;
				MODULE_VERSION = 4.2.1b5;
				OTHER_CFLAGS = "-D__MBUF_TRANSITION_";
				OTHER_LDFLAGS = "";
				OTHER_REZFLAGS = "";
				PRODUCT_NAME = PIUSBGPS;
				SECTORDER_FLAGS = "";
				WARNING_CFLAGS = "";
				WRAPPER_EXTENSION = kext;
				ZERO_LINK = YES;
			};
			name = "Development-Embedded";
		};
		842DF45C16A60E9C005BD008 /* Development-Embedded */ = {
			isa = XCBuildConfiguration;
			buildSettings = {
				COPY_PHASE_STRIP = NO;
				DEBUG_INFORMATION_FORMAT = "dwarf-with-dsym";
				GCC_DYNAMIC_NO_PIC = NO;
				GCC_GENERATE_DEBUGGING_SYMBOLS = YES;
				GCC_OPTIMIZATION_LEVEL = 0;
				HEADER_SEARCH_PATHS = "";
				INFOPLIST_FILE = "Plists/PIUSBGPSACMControl-Info.plist";
				INSTALL_GROUP = wheel;
				INSTALL_MODE = "\"a-w, u+w, a+rX\"";
				INSTALL_OWNER = root;
				INSTALL_PATH = "$(SYSTEM_LIBRARY_DIR)/Extensions/IOUSBFamily.kext/Contents/PlugIns";
				"INSTALL_PATH[sdk=iphoneos*]" = "$(SYSTEM_LIBRARY_DIR)/Extensions/IOUSBFamily.kext/PlugIns";
				KERNEL_EXTENSION = YES;
				KERNEL_MODULE = YES;
				LIBRARY_SEARCH_PATHS = "";
				MODULE_IOKIT = YES;
				MODULE_NAME = com.pi.driver.PIUSBGPSACMControl;
				MODULE_VERSION = 4.2.1b5;
				OTHER_CFLAGS = "-D__MBUF_TRANSITION_";
				OTHER_LDFLAGS = "";
				OTHER_REZFLAGS = "";
				PRODUCT_NAME = PIUSBGPSACMControl;
				SECTORDER_FLAGS = "";
				WARNING_CFLAGS = "";
				WRAPPER_EXTENSION = kext;
				ZERO_LINK = YES;
			};
			name = "Development-Embedded";
		};
		842DF45D16A60E9C005BD008 /* Development-Embedded */ = {
			isa = XCBuildConfiguration;
			buildSettings = {
				COPY_PHASE_STRIP = NO;
				DEBUG_INFORMATION_FORMAT = "dwarf-with-dsym";
				GCC_DYNAMIC_NO_PIC = NO;
				GCC_GENERATE_DEBUGGING_SYMBOLS = YES;
				GCC_OPTIMIZATION_LEVEL = 0;
				HEADER_SEARCH_PATHS = "";
				INFOPLIST_FILE = "Plists/PIUSBGPSACMData-Info.plist";
				INSTALL_GROUP = wheel;
				INSTALL_MODE = "\"a-w, u+w, a+rX\"";
				INSTALL_OWNER = root;
				INSTALL_PATH = "$(SYSTEM_LIBRARY_DIR)/Extensions/IOUSBFamily.kext/Contents/PlugIns";
				"INSTALL_PATH[sdk=iphoneos*]" = "$(SYSTEM_LIBRARY_DIR)/Extensions/IOUSBFamily.kext/PlugIns";
				KERNEL_EXTENSION = YES;
				KERNEL_MODULE = YES;
				LIBRARY_SEARCH_PATHS = "";
				MODULE_IOKIT = YES;
				MODULE_NAME = com.pi.driver.PIUSBGPSACMData;
				MODULE_VERSION = 4.2.1b5;
				OTHER_CFLAGS = "-D__MBUF_TRANSITION_";
				OTHER_LDFLAGS = "";
				OTHER_REZFLAGS = "";
				PRODUCT_NAME = PIUSBGPSACMData;
				SECTORDER_FLAGS = "";
				WARNING_CFLAGS = "";
				WRAPPER_EXTENSION = kext;
				ZERO_LINK = YES;
			};
			name = "Development-Embedded";
		};
		842DF46516A60EAB005BD008 /* Deployment-Embedded */ = {
			isa = XCBuildConfiguration;
			buildSettings = {
				CODE_SIGN_IDENTITY = "Developer ID Application";
				COPY_PHASE_STRIP = NO;
				MACOSX_DEPLOYMENT_TARGET = 10.9;
				SDKROOT = "";
			};
			name = "Deployment-Embedded";
		};
		842DF46616A60EAB005BD008 /* Deployment-Embedded */ = {
			isa = XCBuildConfiguration;
			buildSettings = {
				CODE_SIGN_IDENTITY = Dummy;
				COPY_PHASE_STRIP = NO;
				MACOSX_DEPLOYMENT_TARGET = 10.4;
				OTHER_CFLAGS = "";
				OTHER_LDFLAGS = "";
				OTHER_REZFLAGS = "";
				PRODUCT_NAME = "Build All";
				SDKROOT = macosx;
				SECTORDER_FLAGS = "";
				WARNING_CFLAGS = "";
				ZERO_LINK = NO;
			};
			name = "Deployment-Embedded";
		};
		842DF46716A60EAB005BD008 /* Deployment-Embedded */ = {
			isa = XCBuildConfiguration;
			buildSettings = {
				COPY_PHASE_STRIP = NO;
				DEBUG_INFORMATION_FORMAT = "dwarf-with-dsym";
				INFOPLIST_FILE = "Plists/PIUSBGPS-Info.plist";
				INSTALL_GROUP = wheel;
				INSTALL_MODE = "a-w,u+w, a+rX";
				INSTALL_OWNER = root;
				INSTALL_PATH = "$(SYSTEM_LIBRARY_DIR)/Extensions/IOUSBFamily.kext/Contents/PlugIns";
				"INSTALL_PATH[sdk=iphoneos*]" = "$(SYSTEM_LIBRARY_DIR)/Extensions/IOUSBFamily.kext/PlugIns";
				KERNEL_EXTENSION = YES;
				KERNEL_MODULE = YES;
				MODULE_IOKIT = YES;
				MODULE_NAME = com.pi.driver.PIUSBGPS;
				MODULE_VERSION = 4.2.1b5;
				OTHER_CFLAGS = "-D__MBUF_TRANSITION_";
				OTHER_LDFLAGS = "";
				OTHER_REZFLAGS = "";
				PRODUCT_NAME = PIUSBGPS;
				SECTORDER_FLAGS = "";
				WARNING_CFLAGS = "";
				WRAPPER_EXTENSION = kext;
				ZERO_LINK = NO;
			};
			name = "Deployment-Embedded";
		};
		842DF46816A60EAB005BD008 /* Deployment-Embedded */ = {
			isa = XCBuildConfiguration;
			buildSettings = {
				COPY_PHASE_STRIP = NO;
				DEBUG_INFORMATION_FORMAT = "dwarf-with-dsym";
				HEADER_SEARCH_PATHS = "";
				INFOPLIST_FILE = "Plists/PIUSBGPSACMControl-Info.plist";
				INSTALL_GROUP = wheel;
				INSTALL_MODE = "\"a-w, u+w, a+rX\"";
				INSTALL_OWNER = root;
				INSTALL_PATH = "$(SYSTEM_LIBRARY_DIR)/Extensions/IOUSBFamily.kext/Contents/PlugIns";
				"INSTALL_PATH[sdk=iphoneos*]" = "$(SYSTEM_LIBRARY_DIR)/Extensions/IOUSBFamily.kext/PlugIns";
				KERNEL_EXTENSION = YES;
				KERNEL_MODULE = YES;
				LIBRARY_SEARCH_PATHS = "";
				MODULE_IOKIT = YES;
				MODULE_NAME = com.pi.driver.PIUSBGPSACMControl;
				MODULE_VERSION = 4.2.1b5;
				OTHER_CFLAGS = "-D__MBUF_TRANSITION_";
				OTHER_LDFLAGS = "";
				OTHER_REZFLAGS = "";
				PRODUCT_NAME = PIUSBGPSACMControl;
				SECTORDER_FLAGS = "";
				WARNING_CFLAGS = "";
				WRAPPER_EXTENSION = kext;
				ZERO_LINK = NO;
			};
			name = "Deployment-Embedded";
		};
		842DF46916A60EAB005BD008 /* Deployment-Embedded */ = {
			isa = XCBuildConfiguration;
			buildSettings = {
				COPY_PHASE_STRIP = NO;
				DEBUG_INFORMATION_FORMAT = "dwarf-with-dsym";
				HEADER_SEARCH_PATHS = "";
				INFOPLIST_FILE = "Plists/PIUSBGPSACMData-Info.plist";
				INSTALL_GROUP = wheel;
				INSTALL_MODE = "\"a-w, u+w, a+rX\"";
				INSTALL_OWNER = root;
				INSTALL_PATH = "$(SYSTEM_LIBRARY_DIR)/Extensions/IOUSBFamily.kext/Contents/PlugIns";
				"INSTALL_PATH[sdk=iphoneos*]" = "$(SYSTEM_LIBRARY_DIR)/Extensions/IOUSBFamily.kext/PlugIns";
				KERNEL_EXTENSION = YES;
				KERNEL_MODULE = YES;
				LIBRARY_SEARCH_PATHS = "";
				MODULE_IOKIT = YES;
				MODULE_NAME = com.pi.driver.PIUSBGPSACMData;
				MODULE_VERSION = 4.2.1b5;
				OTHER_CFLAGS = "-D__MBUF_TRANSITION_";
				OTHER_LDFLAGS = "";
				OTHER_REZFLAGS = "";
				PRODUCT_NAME = PIUSBGPSACMData;
				SECTORDER_FLAGS = "";
				WARNING_CFLAGS = "";
				WRAPPER_EXTENSION = kext;
				ZERO_LINK = NO;
			};
			name = "Deployment-Embedded";
		};
		973C87DF0897FD9100B1007D /* Development */ = {
			isa = XCBuildConfiguration;
			buildSettings = {
				COPY_PHASE_STRIP = NO;
				DEBUG_INFORMATION_FORMAT = "dwarf-with-dsym";
				GCC_DYNAMIC_NO_PIC = NO;
				GCC_GENERATE_DEBUGGING_SYMBOLS = YES;
				GCC_OPTIMIZATION_LEVEL = 0;
				INFOPLIST_FILE = "Plists/PIUSBGPS-Info.plist";
				INSTALL_GROUP = wheel;
				INSTALL_MODE = "a-w,u+w, a+rX";
				INSTALL_OWNER = root;
				INSTALL_PATH = "$(SYSTEM_LIBRARY_DIR)/Extensions/IOUSBFamily.kext/Contents/PlugIns";
				"INSTALL_PATH[sdk=iphoneos*]" = "$(SYSTEM_LIBRARY_DIR)/Extensions/IOUSBFamily.kext/PlugIns";
				KERNEL_EXTENSION = YES;
				KERNEL_MODULE = YES;
				MODULE_IOKIT = YES;
				MODULE_NAME = com.pi.driver.PIUSBGPS;
				MODULE_VERSION = 4.2.1b5;
				OTHER_CFLAGS = "-D__MBUF_TRANSITION_";
				OTHER_LDFLAGS = "";
				OTHER_REZFLAGS = "";
				PRODUCT_NAME = PIUSBGPS;
				SECTORDER_FLAGS = "";
				WARNING_CFLAGS = "";
				WRAPPER_EXTENSION = kext;
				ZERO_LINK = YES;
			};
			name = Development;
		};
		973C87E00897FD9100B1007D /* Deployment */ = {
			isa = XCBuildConfiguration;
			buildSettings = {
				COPY_PHASE_STRIP = NO;
				DEBUG_INFORMATION_FORMAT = "dwarf-with-dsym";
				INFOPLIST_FILE = "Plists/PIUSBGPS-Info.plist";
				INSTALL_GROUP = wheel;
				INSTALL_MODE = "a-w,u+w, a+rX";
				INSTALL_OWNER = root;
				INSTALL_PATH = "$(SYSTEM_LIBRARY_DIR)/Extensions/IOUSBFamily.kext/Contents/PlugIns";
				"INSTALL_PATH[sdk=iphoneos*]" = "$(SYSTEM_LIBRARY_DIR)/Extensions/IOUSBFamily.kext/PlugIns";
				KERNEL_EXTENSION = YES;
				KERNEL_MODULE = YES;
				MODULE_IOKIT = YES;
				MODULE_NAME = com.pi.driver.PIUSBGPS;
				MODULE_VERSION = 4.2.1b5;
				OTHER_CFLAGS = "-D__MBUF_TRANSITION_";
				OTHER_LDFLAGS = "";
				OTHER_REZFLAGS = "";
				PRODUCT_NAME = PIUSBGPS;
				SECTORDER_FLAGS = "";
				WARNING_CFLAGS = "";
				WRAPPER_EXTENSION = kext;
				ZERO_LINK = NO;
			};
			name = Deployment;
		};
		973C87E10897FD9100B1007D /* Default */ = {
			isa = XCBuildConfiguration;
			buildSettings = {
				DEBUG_INFORMATION_FORMAT = "dwarf-with-dsym";
				INFOPLIST_FILE = "Plists/PIUSBGPS-Info.plist";
				INSTALL_GROUP = wheel;
				INSTALL_MODE = "a-w,u+w, a+rX";
				INSTALL_OWNER = root;
				INSTALL_PATH = "$(SYSTEM_LIBRARY_DIR)/Extensions/IOUSBFamily.kext/Contents/PlugIns";
				"INSTALL_PATH[sdk=iphoneos*]" = "$(SYSTEM_LIBRARY_DIR)/Extensions/IOUSBFamily.kext/PlugIns";
				KERNEL_EXTENSION = YES;
				KERNEL_MODULE = YES;
				MODULE_IOKIT = YES;
				MODULE_NAME = com.pi.driver.PIUSBGPS;
				MODULE_VERSION = 4.2.1b5;
				OTHER_CFLAGS = "-D__MBUF_TRANSITION_";
				OTHER_LDFLAGS = "";
				OTHER_REZFLAGS = "";
				PRODUCT_NAME = PIUSBGPS;
				SECTORDER_FLAGS = "";
				WARNING_CFLAGS = "";
				WRAPPER_EXTENSION = kext;
			};
			name = Default;
		};
		973C87E30897FD9100B1007D /* Development */ = {
			isa = XCBuildConfiguration;
			buildSettings = {
				COPY_PHASE_STRIP = NO;
				DEBUG_INFORMATION_FORMAT = "dwarf-with-dsym";
				GCC_DYNAMIC_NO_PIC = NO;
				GCC_GENERATE_DEBUGGING_SYMBOLS = YES;
				GCC_OPTIMIZATION_LEVEL = 0;
				HEADER_SEARCH_PATHS = "";
				INFOPLIST_FILE = "Plists/PIUSBGPSACMControl-Info.plist";
				INSTALL_GROUP = wheel;
				INSTALL_MODE = "\"a-w, u+w, a+rX\"";
				INSTALL_OWNER = root;
				INSTALL_PATH = "$(SYSTEM_LIBRARY_DIR)/Extensions/IOUSBFamily.kext/Contents/PlugIns";
				"INSTALL_PATH[sdk=iphoneos*]" = "$(SYSTEM_LIBRARY_DIR)/Extensions/IOUSBFamily.kext/PlugIns";
				KERNEL_EXTENSION = YES;
				KERNEL_MODULE = YES;
				LIBRARY_SEARCH_PATHS = "";
				MODULE_IOKIT = YES;
				MODULE_NAME = com.pi.driver.PIUSBGPSACMControl;
				MODULE_VERSION = 4.2.1b5;
				OTHER_CFLAGS = "-D__MBUF_TRANSITION_";
				OTHER_LDFLAGS = "";
				OTHER_REZFLAGS = "";
				PRODUCT_NAME = PIUSBGPSACMControl;
				SECTORDER_FLAGS = "";
				WARNING_CFLAGS = "";
				WRAPPER_EXTENSION = kext;
				ZERO_LINK = YES;
			};
			name = Development;
		};
		973C87E40897FD9100B1007D /* Deployment */ = {
			isa = XCBuildConfiguration;
			buildSettings = {
				COPY_PHASE_STRIP = NO;
				DEBUG_INFORMATION_FORMAT = "dwarf-with-dsym";
				HEADER_SEARCH_PATHS = "";
				INFOPLIST_FILE = "Plists/PIUSBGPSACMControl-Info.plist";
				INSTALL_GROUP = wheel;
				INSTALL_MODE = "\"a-w, u+w, a+rX\"";
				INSTALL_OWNER = root;
				INSTALL_PATH = "$(SYSTEM_LIBRARY_DIR)/Extensions/IOUSBFamily.kext/Contents/PlugIns";
				"INSTALL_PATH[sdk=iphoneos*]" = "$(SYSTEM_LIBRARY_DIR)/Extensions/IOUSBFamily.kext/PlugIns";
				KERNEL_EXTENSION = YES;
				KERNEL_MODULE = YES;
				LIBRARY_SEARCH_PATHS = "";
				MODULE_IOKIT = YES;
				MODULE_NAME = com.pi.driver.PIUSBGPSACMControl;
				MODULE_VERSION = 4.2.1b5;
				OTHER_CFLAGS = "-D__MBUF_TRANSITION_";
				OTHER_LDFLAGS = "";
				OTHER_REZFLAGS = "";
				PRODUCT_NAME = PIUSBGPSACMControl;
				SECTORDER_FLAGS = "";
				WARNING_CFLAGS = "";
				WRAPPER_EXTENSION = kext;
				ZERO_LINK = NO;
			};
			name = Deployment;
		};
		973C87E50897FD9100B1007D /* Default */ = {
			isa = XCBuildConfiguration;
			buildSettings = {
				DEBUG_INFORMATION_FORMAT = "dwarf-with-dsym";
				HEADER_SEARCH_PATHS = "";
				INFOPLIST_FILE = "Plists/PIUSBGPSACMControl-Info.plist";
				INSTALL_GROUP = wheel;
				INSTALL_MODE = "\"a-w, u+w, a+rX\"";
				INSTALL_OWNER = root;
				INSTALL_PATH = "$(SYSTEM_LIBRARY_DIR)/Extensions/IOUSBFamily.kext/Contents/PlugIns";
				"INSTALL_PATH[sdk=iphoneos*]" = "$(SYSTEM_LIBRARY_DIR)/Extensions/IOUSBFamily.kext/PlugIns";
				KERNEL_EXTENSION = YES;
				KERNEL_MODULE = YES;
				LIBRARY_SEARCH_PATHS = "";
				MODULE_IOKIT = YES;
				MODULE_NAME = com.pi.driver.PIUSBGPSACMControl;
				MODULE_VERSION = 4.2.1b5;
				OTHER_CFLAGS = "-D__MBUF_TRANSITION_";
				OTHER_LDFLAGS = "";
				OTHER_REZFLAGS = "";
				PRODUCT_NAME = PIUSBGPSACMControl;
				SECTORDER_FLAGS = "";
				WARNING_CFLAGS = "";
				WRAPPER_EXTENSION = kext;
			};
			name = Default;
		};
		973C87E70897FD9100B1007D /* Development */ = {
			isa = XCBuildConfiguration;
			buildSettings = {
				COPY_PHASE_STRIP = NO;
				DEBUG_INFORMATION_FORMAT = "dwarf-with-dsym";
				GCC_DYNAMIC_NO_PIC = NO;
				GCC_GENERATE_DEBUGGING_SYMBOLS = YES;
				GCC_OPTIMIZATION_LEVEL = 0;
				HEADER_SEARCH_PATHS = "";
				INFOPLIST_FILE = "Plists/PIUSBGPSACMData-Info.plist";
				INSTALL_GROUP = wheel;
				INSTALL_MODE = "\"a-w, u+w, a+rX\"";
				INSTALL_OWNER = root;
				INSTALL_PATH = "$(SYSTEM_LIBRARY_DIR)/Extensions/IOUSBFamily.kext/Contents/PlugIns";
				"INSTALL_PATH[sdk=iphoneos*]" = "$(SYSTEM_LIBRARY_DIR)/Extensions/IOUSBFamily.kext/PlugIns";
				KERNEL_EXTENSION = YES;
				KERNEL_MODULE = YES;
				LIBRARY_SEARCH_PATHS = "";
				MODULE_IOKIT = YES;
				MODULE_NAME = com.pi.driver.PIUSBGPSACMData;
				MODULE_VERSION = 4.2.1b5;
				OTHER_CFLAGS = "-D__MBUF_TRANSITION_";
				OTHER_LDFLAGS = "";
				OTHER_REZFLAGS = "";
				PRODUCT_NAME = PIUSBGPSACMData;
				SECTORDER_FLAGS = "";
				WARNING_CFLAGS = "";
				WRAPPER_EXTENSION = kext;
				ZERO_LINK = YES;
			};
			name = Development;
		};
		973C87E80897FD9100B1007D /* Deployment */ = {
			isa = XCBuildConfiguration;
			buildSettings = {
				COPY_PHASE_STRIP = NO;
				DEBUG_INFORMATION_FORMAT = "dwarf-with-dsym";
				HEADER_SEARCH_PATHS = "";
				INFOPLIST_FILE = "Plists/PIUSBGPSACMData-Info.plist";
				INSTALL_GROUP = wheel;
				INSTALL_MODE = "\"a-w, u+w, a+rX\"";
				INSTALL_OWNER = root;
				INSTALL_PATH = "$(SYSTEM_LIBRARY_DIR)/Extensions/IOUSBFamily.kext/Contents/PlugIns";
				"INSTALL_PATH[sdk=iphoneos*]" = "$(SYSTEM_LIBRARY_DIR)/Extensions/IOUSBFamily.kext/PlugIns";
				KERNEL_EXTENSION = YES;
				KERNEL_MODULE = YES;
				LIBRARY_SEARCH_PATHS = "";
				MODULE_IOKIT = YES;
				MODULE_NAME = com.pi.driver.PIUSBGPSACMData;
				MODULE_VERSION = 4.2.1b5;
				OTHER_CFLAGS = "-D__MBUF_TRANSITION_";
				OTHER_LDFLAGS = "";
				OTHER_REZFLAGS = "";
				PRODUCT_NAME = PIUSBGPSACMData;
				SECTORDER_FLAGS = "";
				WARNING_CFLAGS = "";
				WRAPPER_EXTENSION = kext;
				ZERO_LINK = NO;
			};
			name = Deployment;
		};
		973C87E90897FD9100B1007D /* Default */ = {
			isa = XCBuildConfiguration;
			buildSettings = {
				COPY_PHASE_STRIP = NO;
				DEBUG_INFORMATION_FORMAT = "dwarf-with-dsym";
				HEADER_SEARCH_PATHS = "";
				INFOPLIST_FILE = "Plists/PIUSBGPSACMData-Info.plist";
				INSTALL_GROUP = wheel;
				INSTALL_MODE = "\"a-w, u+w, a+rX\"";
				INSTALL_OWNER = root;
				INSTALL_PATH = "$(SYSTEM_LIBRARY_DIR)/Extensions/IOUSBFamily.kext/Contents/PlugIns";
				"INSTALL_PATH[sdk=iphoneos*]" = "$(SYSTEM_LIBRARY_DIR)/Extensions/IOUSBFamily.kext/PlugIns";
				KERNEL_EXTENSION = YES;
				KERNEL_MODULE = YES;
				LIBRARY_SEARCH_PATHS = "";
				MODULE_IOKIT = YES;
				MODULE_NAME = com.pi.driver.PIUSBGPSACMData;
				MODULE_VERSION = 4.2.1b5;
				OTHER_CFLAGS = "-D__MBUF_TRANSITION_";
				OTHER_LDFLAGS = "";
				OTHER_REZFLAGS = "";
				PRODUCT_NAME = PIUSBGPSACMData;
				SECTORDER_FLAGS = "";
				WARNING_CFLAGS = "";
				WRAPPER_EXTENSION = kext;
			};
			name = Default;
		};
		973C87FF0897FD9100B1007D /* Development */ = {
			isa = XCBuildConfiguration;
			buildSettings = {
				CODE_SIGN_IDENTITY = Dummy;
				COPY_PHASE_STRIP = NO;
				GCC_DYNAMIC_NO_PIC = NO;
				GCC_GENERATE_DEBUGGING_SYMBOLS = YES;
				GCC_OPTIMIZATION_LEVEL = 0;
				MACOSX_DEPLOYMENT_TARGET = 10.4;
				OTHER_CFLAGS = "";
				OTHER_LDFLAGS = "";
				OTHER_REZFLAGS = "";
				PRODUCT_NAME = "Build All";
				SDKROOT = macosx;
				SECTORDER_FLAGS = "";
				WARNING_CFLAGS = "";
				ZERO_LINK = YES;
			};
			name = Development;
		};
		973C88000897FD9100B1007D /* Deployment */ = {
			isa = XCBuildConfiguration;
			buildSettings = {
				CODE_SIGN_IDENTITY = Dummy;
				COPY_PHASE_STRIP = NO;
				MACOSX_DEPLOYMENT_TARGET = 10.4;
				OTHER_CFLAGS = "";
				OTHER_LDFLAGS = "";
				OTHER_REZFLAGS = "";
				PRODUCT_NAME = "Build All";
				SDKROOT = macosx;
				SECTORDER_FLAGS = "";
				WARNING_CFLAGS = "";
				ZERO_LINK = NO;
			};
			name = Deployment;
		};
		973C88010897FD9100B1007D /* Default */ = {
			isa = XCBuildConfiguration;
			buildSettings = {
				CODE_SIGN_IDENTITY = Dummy;
				MACOSX_DEPLOYMENT_TARGET = 10.4;
				OTHER_CFLAGS = "";
				OTHER_LDFLAGS = "";
				OTHER_REZFLAGS = "";
				PRODUCT_NAME = "Build All";
				SDKROOT = macosx;
				SECTORDER_FLAGS = "";
				WARNING_CFLAGS = "";
			};
			name = Default;
		};
		973C88030897FD9100B1007D /* Development */ = {
			isa = XCBuildConfiguration;
			buildSettings = {
				CODE_SIGN_IDENTITY = "Developer ID Application";
				COMBINE_HIDPI_IMAGES = YES;
				MACOSX_DEPLOYMENT_TARGET = 10.9;
				SDKROOT = "";
			};
			name = Development;
		};
		973C88040897FD9100B1007D /* Deployment */ = {
			isa = XCBuildConfiguration;
			buildSettings = {
				CODE_SIGN_IDENTITY = "Developer ID Application";
				COMBINE_HIDPI_IMAGES = YES;
				COPY_PHASE_STRIP = NO;
				MACOSX_DEPLOYMENT_TARGET = 10.9;
				SDKROOT = "";
			};
			name = Deployment;
		};
		973C88050897FD9100B1007D /* Default */ = {
			isa = XCBuildConfiguration;
			buildSettings = {
				CODE_SIGN_IDENTITY = "Developer ID Application";
				COMBINE_HIDPI_IMAGES = YES;
				COPY_PHASE_STRIP = NO;
				MACOSX_DEPLOYMENT_TARGET = 10.9;
				SDKROOT = "";
			};
			name = Default;
		};
/* End XCBuildConfiguration section */

/* Begin XCConfigurationList section */
		973C87DE0897FD9100B1007D /* Build configuration list for PBXNativeTarget "PIUSBGPS" */ = {
			isa = XCConfigurationList;
			buildConfigurations = (
				973C87DF0897FD9100B1007D /* Development */,
				842DF45B16A60E9C005BD008 /* Development-Embedded */,
				973C87E00897FD9100B1007D /* Deployment */,
				842DF46716A60EAB005BD008 /* Deployment-Embedded */,
				973C87E10897FD9100B1007D /* Default */,
			);
			defaultConfigurationIsVisible = 0;
			defaultConfigurationName = Deployment;
		};
		973C87E20897FD9100B1007D /* Build configuration list for PBXNativeTarget "PIUSBGPSACMControl" */ = {
			isa = XCConfigurationList;
			buildConfigurations = (
				973C87E30897FD9100B1007D /* Development */,
				842DF45C16A60E9C005BD008 /* Development-Embedded */,
				973C87E40897FD9100B1007D /* Deployment */,
				842DF46816A60EAB005BD008 /* Deployment-Embedded */,
				973C87E50897FD9100B1007D /* Default */,
			);
			defaultConfigurationIsVisible = 0;
			defaultConfigurationName = Deployment;
		};
		973C87E60897FD9100B1007D /* Build configuration list for PBXNativeTarget "PIUSBGPSACMData" */ = {
			isa = XCConfigurationList;
			buildConfigurations = (
				973C87E70897FD9100B1007D /* Development */,
				842DF45D16A60E9C005BD008 /* Development-Embedded */,
				973C87E80897FD9100B1007D /* Deployment */,
				842DF46916A60EAB005BD008 /* Deployment-Embedded */,
				973C87E90897FD9100B1007D /* Default */,
			);
			defaultConfigurationIsVisible = 0;
			defaultConfigurationName = Deployment;
		};
		973C87FE0897FD9100B1007D /* Build configuration list for PBXAggregateTarget "Build All" */ = {
			isa = XCConfigurationList;
			buildConfigurations = (
				973C87FF0897FD9100B1007D /* Development */,
				842DF45A16A60E9C005BD008 /* Development-Embedded */,
				973C88000897FD9100B1007D /* Deployment */,
				842DF46616A60EAB005BD008 /* Deployment-Embedded */,
				973C88010897FD9100B1007D /* Default */,
			);
			defaultConfigurationIsVisible = 0;
			defaultConfigurationName = Deployment;
		};
		973C88020897FD9100B1007D /* Build configuration list for PBXProject "PIUSBGPS" */ = {
			isa = XCConfigurationList;
			buildConfigurations = (
				973C88030897FD9100B1007D /* Development */,
				842DF45916A60E9C005BD008 /* Development-Embedded */,
				973C88040897FD9100B1007D /* Deployment */,
				842DF46516A60EAB005BD008 /* Deployment-Embedded */,
				973C88050897FD9100B1007D /* Default */,
			);
			defaultConfigurationIsVisible = 0;
			defaultConfigurationName = Deployment;
		};
/* End XCConfigurationList section */
	};
	rootObject = 089C1669FE841209C02AAC07 /* Project object */;
}
